{
  "name": "npm-install-lion",
  "version": "1.0.0",
  "lockfileVersion": 1,
  "requires": true,
  "dependencies": {
    "myweslion-lib": {
      "version": "1.0.0",
      "resolved": "https://registry.npmjs.org/myweslion-lib/-/myweslion-lib-1.0.0.tgz",
      "integrity": "sha512-TDiO6CithSHL4KQ0MbkHD7LdXpB2jhtGpK7W1nWEf4fuuov1hHxgL7voAf0NBSGZvIIg/idWcbS8fK/2en4I1Q=="
    }
  }
}
